
Microsoft Visual Studio Solution File, Format Version 12.00
# Visual Studio Version 17
VisualStudioVersion = 17.8.34330.188
MinimumVisualStudioVersion = 10.0.40219.1
Project("{FAE04EC0-301F-11D3-BF4B-00C04F79EFBC}") = "ChatBot", "ChatBot.csproj", "{50ACA588-94E8-4CE1-99FA-69480F93B97B}"
EndProject
Global
	GlobalSection(SolutionConfigurationPlatforms) = preSolution
		Debug|Any CPU = Debug|Any CPU
		Release|Any CPU = Release|Any CPU
	EndGlobalSection
	GlobalSection(ProjectConfigurationPlatforms) = postSolution
		{50ACA588-94E8-4CE1-99FA-69480F93B97B}.Debug|Any CPU.ActiveCfg = Debug|Any CPU
		{50ACA588-94E8-4CE1-99FA-69480F93B97B}.Debug|Any CPU.Build.0 = Debug|Any CPU
		{50ACA588-94E8-4CE1-99FA-69480F93B97B}.Release|Any CPU.ActiveCfg = Release|Any CPU
		{50ACA588-94E8-4CE1-99FA-69480F93B97B}.Release|Any CPU.Build.0 = Release|Any CPU
	EndGlobalSection
	GlobalSection(SolutionProperties) = preSolution
		HideSolutionNode = FALSE
	EndGlobalSection
	GlobalSection(ExtensibilityGlobals) = postSolution
		SolutionGuid = {739D985F-7ECA-45A5-A5F3-3707A659C52F}
	EndGlobalSection
EndGlobal
