
Microsoft Visual Studio Solution File, Format Version 12.00
# Visual Studio Version 17
VisualStudioVersion = 17.9.34728.123
MinimumVisualStudioVersion = 10.0.40219.1
Project("{FAE04EC0-301F-11D3-BF4B-00C04F79EFBC}") = "SudokuEXE.Android", "SudokuEXE.Android\SudokuEXE.Android.csproj", "{4EA26FE5-CDCD-4870-8364-1FF0C7FB8D9E}"
EndProject
Project("{FAE04EC0-301F-11D3-BF4B-00C04F79EFBC}") = "SudokuEXE", "SudokuEXE\SudokuEXE.csproj", "{C353BD1A-7FEE-457C-B0DC-3B0C388A9479}"
EndProject
Global
	GlobalSection(SolutionConfigurationPlatforms) = preSolution
		Debug|Any CPU = Debug|Any CPU
		Release|Any CPU = Release|Any CPU
	EndGlobalSection
	GlobalSection(ProjectConfigurationPlatforms) = postSolution
		{4EA26FE5-CDCD-4870-8364-1FF0C7FB8D9E}.Debug|Any CPU.ActiveCfg = Debug|Any CPU
		{4EA26FE5-CDCD-4870-8364-1FF0C7FB8D9E}.Debug|Any CPU.Build.0 = Debug|Any CPU
		{4EA26FE5-CDCD-4870-8364-1FF0C7FB8D9E}.Debug|Any CPU.Deploy.0 = Debug|Any CPU
		{4EA26FE5-CDCD-4870-8364-1FF0C7FB8D9E}.Release|Any CPU.ActiveCfg = Release|Any CPU
		{4EA26FE5-CDCD-4870-8364-1FF0C7FB8D9E}.Release|Any CPU.Build.0 = Release|Any CPU
		{4EA26FE5-CDCD-4870-8364-1FF0C7FB8D9E}.Release|Any CPU.Deploy.0 = Release|Any CPU
		{C353BD1A-7FEE-457C-B0DC-3B0C388A9479}.Debug|Any CPU.ActiveCfg = Debug|Any CPU
		{C353BD1A-7FEE-457C-B0DC-3B0C388A9479}.Debug|Any CPU.Build.0 = Debug|Any CPU
		{C353BD1A-7FEE-457C-B0DC-3B0C388A9479}.Debug|Any CPU.Deploy.0 = Debug|Any CPU
		{C353BD1A-7FEE-457C-B0DC-3B0C388A9479}.Release|Any CPU.ActiveCfg = Release|Any CPU
		{C353BD1A-7FEE-457C-B0DC-3B0C388A9479}.Release|Any CPU.Build.0 = Release|Any CPU
		{C353BD1A-7FEE-457C-B0DC-3B0C388A9479}.Release|Any CPU.Deploy.0 = Release|Any CPU
	EndGlobalSection
	GlobalSection(SolutionProperties) = preSolution
		HideSolutionNode = FALSE
	EndGlobalSection
	GlobalSection(ExtensibilityGlobals) = postSolution
		SolutionGuid = {53A3685F-BD91-4DA7-B296-EB133040A738}
	EndGlobalSection
EndGlobal
