
Microsoft Visual Studio Solution File, Format Version 12.00
# Visual Studio Version 17
VisualStudioVersion = 17.8.34330.188
MinimumVisualStudioVersion = 10.0.40219.1
Project("{8BC9CEB8-8B4A-11D0-8D11-00A0C91BC942}") = "T12", "T12.vcxproj", "{5FC08963-FDA4-4B79-BD97-2B9948719C5B}"
EndProject
Global
	GlobalSection(SolutionConfigurationPlatforms) = preSolution
		Debug|x64 = Debug|x64
		Debug|x86 = Debug|x86
		Release|x64 = Release|x64
		Release|x86 = Release|x86
	EndGlobalSection
	GlobalSection(ProjectConfigurationPlatforms) = postSolution
		{5FC08963-FDA4-4B79-BD97-2B9948719C5B}.Debug|x64.ActiveCfg = Debug|x64
		{5FC08963-FDA4-4B79-BD97-2B9948719C5B}.Debug|x64.Build.0 = Debug|x64
		{5FC08963-FDA4-4B79-BD97-2B9948719C5B}.Debug|x86.ActiveCfg = Debug|Win32
		{5FC08963-FDA4-4B79-BD97-2B9948719C5B}.Debug|x86.Build.0 = Debug|Win32
		{5FC08963-FDA4-4B79-BD97-2B9948719C5B}.Release|x64.ActiveCfg = Release|x64
		{5FC08963-FDA4-4B79-BD97-2B9948719C5B}.Release|x64.Build.0 = Release|x64
		{5FC08963-FDA4-4B79-BD97-2B9948719C5B}.Release|x86.ActiveCfg = Release|Win32
		{5FC08963-FDA4-4B79-BD97-2B9948719C5B}.Release|x86.Build.0 = Release|Win32
	EndGlobalSection
	GlobalSection(SolutionProperties) = preSolution
		HideSolutionNode = FALSE
	EndGlobalSection
	GlobalSection(ExtensibilityGlobals) = postSolution
		SolutionGuid = {D1210BD2-0A2F-4141-A841-A54E0803BDA5}
	EndGlobalSection
EndGlobal
