
Microsoft Visual Studio Solution File, Format Version 12.00
# Visual Studio Version 17
VisualStudioVersion = 17.8.34330.188
MinimumVisualStudioVersion = 10.0.40219.1
Project("{FAE04EC0-301F-11D3-BF4B-00C04F79EFBC}") = "DataBase", "DataBase.csproj", "{9914BEA9-ACFB-4CC7-80C7-DCDB6EA1B57D}"
EndProject
Global
	GlobalSection(SolutionConfigurationPlatforms) = preSolution
		Debug|Any CPU = Debug|Any CPU
		Release|Any CPU = Release|Any CPU
	EndGlobalSection
	GlobalSection(ProjectConfigurationPlatforms) = postSolution
		{9914BEA9-ACFB-4CC7-80C7-DCDB6EA1B57D}.Debug|Any CPU.ActiveCfg = Debug|Any CPU
		{9914BEA9-ACFB-4CC7-80C7-DCDB6EA1B57D}.Debug|Any CPU.Build.0 = Debug|Any CPU
		{9914BEA9-ACFB-4CC7-80C7-DCDB6EA1B57D}.Release|Any CPU.ActiveCfg = Release|Any CPU
		{9914BEA9-ACFB-4CC7-80C7-DCDB6EA1B57D}.Release|Any CPU.Build.0 = Release|Any CPU
	EndGlobalSection
	GlobalSection(SolutionProperties) = preSolution
		HideSolutionNode = FALSE
	EndGlobalSection
	GlobalSection(ExtensibilityGlobals) = postSolution
		SolutionGuid = {DC4EA6AA-2BCE-497D-B74C-A48044F14EE1}
	EndGlobalSection
EndGlobal
